
Microsoft Visual Studio Solution File, Format Version 12.00
# Visual Studio Version 17
VisualStudioVersion = 17.8.34330.188
MinimumVisualStudioVersion = 10.0.40219.1
Project("{9A19103F-16F7-4668-BE54-9A1E7A4F7556}") = "DirectionalCouplerTunable", "DirectionalCouplerTunable.csproj", "{6C318996-93B3-4F87-BB77-8D5E15BA96CC}"
EndProject
Global
	GlobalSection(SolutionConfigurationPlatforms) = preSolution
		Debug|Any CPU = Debug|Any CPU
		ExportDebug|Any CPU = ExportDebug|Any CPU
		ExportRelease|Any CPU = ExportRelease|Any CPU
	EndGlobalSection
	GlobalSection(ProjectConfigurationPlatforms) = postSolution
		{6C318996-93B3-4F87-BB77-8D5E15BA96CC}.Debug|Any CPU.ActiveCfg = Debug|Any CPU
		{6C318996-93B3-4F87-BB77-8D5E15BA96CC}.Debug|Any CPU.Build.0 = Debug|Any CPU
		{6C318996-93B3-4F87-BB77-8D5E15BA96CC}.ExportDebug|Any CPU.ActiveCfg = ExportDebug|Any CPU
		{6C318996-93B3-4F87-BB77-8D5E15BA96CC}.ExportDebug|Any CPU.Build.0 = ExportDebug|Any CPU
		{6C318996-93B3-4F87-BB77-8D5E15BA96CC}.ExportRelease|Any CPU.ActiveCfg = ExportRelease|Any CPU
		{6C318996-93B3-4F87-BB77-8D5E15BA96CC}.ExportRelease|Any CPU.Build.0 = ExportRelease|Any CPU
	EndGlobalSection
	GlobalSection(SolutionProperties) = preSolution
		HideSolutionNode = FALSE
	EndGlobalSection
EndGlobal
